
Microsoft Visual Studio Solution File, Format Version 12.00
# Visual Studio 15
VisualStudioVersion = 15.0.27703.2047
MinimumVisualStudioVersion = 10.0.40219.1
Project("{9A19103F-16F7-4668-BE54-9A1E7A4F7556}") = "Tachzukanit", "WebApplicationProject-StasYonatan-01\Tachzukanit.csproj", "{1BBA0329-5111-410D-97FF-FB545D81C762}"
EndProject
Global
	GlobalSection(SolutionConfigurationPlatforms) = preSolution
		Debug|Any CPU = Debug|Any CPU
		Release|Any CPU = Release|Any CPU
	EndGlobalSection
	GlobalSection(ProjectConfigurationPlatforms) = postSolution
		{1BBA0329-5111-410D-97FF-FB545D81C762}.Debug|Any CPU.ActiveCfg = Debug|Any CPU
		{1BBA0329-5111-410D-97FF-FB545D81C762}.Debug|Any CPU.Build.0 = Debug|Any CPU
		{1BBA0329-5111-410D-97FF-FB545D81C762}.Release|Any CPU.ActiveCfg = Release|Any CPU
		{1BBA0329-5111-410D-97FF-FB545D81C762}.Release|Any CPU.Build.0 = Release|Any CPU
	EndGlobalSection
	GlobalSection(SolutionProperties) = preSolution
		HideSolutionNode = FALSE
	EndGlobalSection
	GlobalSection(ExtensibilityGlobals) = postSolution
		SolutionGuid = {8791EC4A-9D74-4885-B142-671BCAF46102}
	EndGlobalSection
EndGlobal
